# This file is autogenerated, do not edit; changes may be undone by the next 'dep ensure'.


[[projects]]
  branch = "master"
  digest = "1:96c168c2d18c436b54577d9dffd8248900ba715ab48436e865c7d98b51450dd1"
  name = "github.com/larytet-go/moduledata"
  packages = ["."]
  pruneopts = "UT"
  revision = "0f0080c687e84181b4aef0ebd35c5fb2f87ac6ee"

[[projects]]
  branch = "master"
  digest = "1:7e33ce5d50630aec8844562d20ab4820074c9ef15edb1ad66c41796f0a142447"
  name = "github.com/larytet-go/procfs"
  packages = [
    ".",
    "limits",
    "maps",
    "stat",
    "statm",
    "status",
    "util",
  ]
  pruneopts = "UT"
  revision = "7dac1920a03d298d86607998d68a4d0e93ed3103"

[[projects]]
  branch = "master"
  digest = "1:781d208516598969927df965e674282b85c0e4410df7d3dc71b5f73daa528c61"
  name = "github.com/larytet-go/sprintf"
  packages = ["."]
  pruneopts = "UT"
  revision = "c9a4d9310a7641bcd9ce53a84cd266d35d24c147"

[solve-meta]
  analyzer-name = "dep"
  analyzer-version = 1
  input-imports = [
    "github.com/larytet-go/moduledata",
    "github.com/larytet-go/procfs",
    "github.com/larytet-go/procfs/maps",
    "github.com/larytet-go/sprintf",
  ]
  solver-name = "gps-cdcl"
  solver-version = 1
