# This file is autogenerated, do not edit; changes may be undone by the next 'dep ensure'.


[[projects]]
  branch = "master"
  digest = "1:c5173cd1e5e94a4a81fc0fbf687cb2123ab46756f28e1777607e8b72640fcf6f"
  name = "github.com/jandre/procfs"
  packages = [
    ".",
    "limits",
    "maps",
    "stat",
    "statm",
    "status",
    "util",
  ]
  pruneopts = "UT"
  revision = "73c449cf06350e4ac0ae5d87054697091ae65557"
  source = "github.com/larytet-go/procfs"

[[projects]]
  branch = "master"
  digest = "1:96c168c2d18c436b54577d9dffd8248900ba715ab48436e865c7d98b51450dd1"
  name = "github.com/larytet-go/moduledata"
  packages = ["."]
  pruneopts = "UT"
  revision = "0f0080c687e84181b4aef0ebd35c5fb2f87ac6ee"

[[projects]]
  branch = "master"
  digest = "1:781d208516598969927df965e674282b85c0e4410df7d3dc71b5f73daa528c61"
  name = "github.com/larytet-go/sprintf"
  packages = ["."]
  pruneopts = "UT"
  revision = "c9a4d9310a7641bcd9ce53a84cd266d35d24c147"

[solve-meta]
  analyzer-name = "dep"
  analyzer-version = 1
  input-imports = [
    "github.com/jandre/procfs",
    "github.com/jandre/procfs/maps",
    "github.com/larytet-go/moduledata",
    "github.com/larytet-go/sprintf",
  ]
  solver-name = "gps-cdcl"
  solver-version = 1
